
Microsoft Visual Studio Solution File, Format Version 12.00
# Visual Studio Version 16
VisualStudioVersion = 16.0.30225.117
MinimumVisualStudioVersion = 10.0.40219.1
Project("{FAE04EC0-301F-11D3-BF4B-00C04F79EFBC}") = "project", "project\project.csproj", "{2CC20AD2-3C7D-4955-A7A4-525AB6CCFE42}"
EndProject
Global
	GlobalSection(SolutionConfigurationPlatforms) = preSolution
		Debug|Any CPU = Debug|Any CPU
		Release|Any CPU = Release|Any CPU
	EndGlobalSection
	GlobalSection(ProjectConfigurationPlatforms) = postSolution
		{2CC20AD2-3C7D-4955-A7A4-525AB6CCFE42}.Debug|Any CPU.ActiveCfg = Debug|Any CPU
		{2CC20AD2-3C7D-4955-A7A4-525AB6CCFE42}.Debug|Any CPU.Build.0 = Debug|Any CPU
		{2CC20AD2-3C7D-4955-A7A4-525AB6CCFE42}.Release|Any CPU.ActiveCfg = Release|Any CPU
		{2CC20AD2-3C7D-4955-A7A4-525AB6CCFE42}.Release|Any CPU.Build.0 = Release|Any CPU
	EndGlobalSection
	GlobalSection(SolutionProperties) = preSolution
		HideSolutionNode = FALSE
	EndGlobalSection
	GlobalSection(ExtensibilityGlobals) = postSolution
		SolutionGuid = {50CB345A-04D1-4849-B739-CD6F9EB6965B}
	EndGlobalSection
EndGlobal
