
Microsoft Visual Studio Solution File, Format Version 12.00
# Visual Studio Version 16
VisualStudioVersion = 16.0.29230.47
MinimumVisualStudioVersion = 10.0.40219.1
Project("{FAE04EC0-301F-11D3-BF4B-00C04F79EFBC}") = "CompareHungarianAlgorithm", "CompareHungarianAlgorithm\CompareHungarianAlgorithm.csproj", "{88F507AC-C793-48D0-966F-87CA0037034A}"
EndProject
Global
	GlobalSection(SolutionConfigurationPlatforms) = preSolution
		Debug|Any CPU = Debug|Any CPU
		Release|Any CPU = Release|Any CPU
	EndGlobalSection
	GlobalSection(ProjectConfigurationPlatforms) = postSolution
		{88F507AC-C793-48D0-966F-87CA0037034A}.Debug|Any CPU.ActiveCfg = Debug|Any CPU
		{88F507AC-C793-48D0-966F-87CA0037034A}.Debug|Any CPU.Build.0 = Debug|Any CPU
		{88F507AC-C793-48D0-966F-87CA0037034A}.Release|Any CPU.ActiveCfg = Release|Any CPU
		{88F507AC-C793-48D0-966F-87CA0037034A}.Release|Any CPU.Build.0 = Release|Any CPU
	EndGlobalSection
	GlobalSection(SolutionProperties) = preSolution
		HideSolutionNode = FALSE
	EndGlobalSection
	GlobalSection(ExtensibilityGlobals) = postSolution
		SolutionGuid = {FD269F16-8A3F-4A82-B080-6BC21EA5D2F8}
	EndGlobalSection
EndGlobal
